
Microsoft Visual Studio Solution File, Format Version 12.00
# Visual Studio Version 16
VisualStudioVersion = 16.0.31613.86
MinimumVisualStudioVersion = 10.0.40219.1
Project("{FAE04EC0-301F-11D3-BF4B-00C04F79EFBC}") = "ConsoleAppHangman", "ConsoleAppHangman\ConsoleAppHangman.csproj", "{274CB23D-5E52-406F-B126-188F74FC1901}"
EndProject
Global
	GlobalSection(SolutionConfigurationPlatforms) = preSolution
		Debug|Any CPU = Debug|Any CPU
		Release|Any CPU = Release|Any CPU
	EndGlobalSection
	GlobalSection(ProjectConfigurationPlatforms) = postSolution
		{274CB23D-5E52-406F-B126-188F74FC1901}.Debug|Any CPU.ActiveCfg = Debug|Any CPU
		{274CB23D-5E52-406F-B126-188F74FC1901}.Debug|Any CPU.Build.0 = Debug|Any CPU
		{274CB23D-5E52-406F-B126-188F74FC1901}.Release|Any CPU.ActiveCfg = Release|Any CPU
		{274CB23D-5E52-406F-B126-188F74FC1901}.Release|Any CPU.Build.0 = Release|Any CPU
	EndGlobalSection
	GlobalSection(SolutionProperties) = preSolution
		HideSolutionNode = FALSE
	EndGlobalSection
	GlobalSection(ExtensibilityGlobals) = postSolution
		SolutionGuid = {6D703042-4DF8-467D-AA85-2BFFDB46613C}
	EndGlobalSection
EndGlobal
